
Microsoft Visual Studio Solution File, Format Version 12.00
# Visual Studio Version 17
VisualStudioVersion = 17.9.34902.65
MinimumVisualStudioVersion = 10.0.40219.1
Project("{9A19103F-16F7-4668-BE54-9A1E7A4F7556}") = "FoodieMenu", "FoodieMenu\FoodieMenu.csproj", "{46A81213-21A6-40D9-BD93-F67CE54E2E15}"
EndProject
Project("{9A19103F-16F7-4668-BE54-9A1E7A4F7556}") = "FoodieMenu.Data", "FoddieMenu.Data\FoodieMenu.Data.csproj", "{D6C92793-9ECE-45DE-9822-0D673AA2A5AE}"
EndProject
Project("{FAE04EC0-301F-11D3-BF4B-00C04F79EFBC}") = "FoodieMenu.Domain", "FoodieMenu.Domain\FoodieMenu.Domain.csproj", "{E7A62A73-B342-4381-A5B2-D7AF0AA30687}"
EndProject
Global
	GlobalSection(SolutionConfigurationPlatforms) = preSolution
		Debug|Any CPU = Debug|Any CPU
		Release|Any CPU = Release|Any CPU
	EndGlobalSection
	GlobalSection(ProjectConfigurationPlatforms) = postSolution
		{46A81213-21A6-40D9-BD93-F67CE54E2E15}.Debug|Any CPU.ActiveCfg = Debug|Any CPU
		{46A81213-21A6-40D9-BD93-F67CE54E2E15}.Debug|Any CPU.Build.0 = Debug|Any CPU
		{46A81213-21A6-40D9-BD93-F67CE54E2E15}.Release|Any CPU.ActiveCfg = Release|Any CPU
		{46A81213-21A6-40D9-BD93-F67CE54E2E15}.Release|Any CPU.Build.0 = Release|Any CPU
		{D6C92793-9ECE-45DE-9822-0D673AA2A5AE}.Debug|Any CPU.ActiveCfg = Debug|Any CPU
		{D6C92793-9ECE-45DE-9822-0D673AA2A5AE}.Debug|Any CPU.Build.0 = Debug|Any CPU
		{D6C92793-9ECE-45DE-9822-0D673AA2A5AE}.Release|Any CPU.ActiveCfg = Release|Any CPU
		{D6C92793-9ECE-45DE-9822-0D673AA2A5AE}.Release|Any CPU.Build.0 = Release|Any CPU
		{E7A62A73-B342-4381-A5B2-D7AF0AA30687}.Debug|Any CPU.ActiveCfg = Debug|Any CPU
		{E7A62A73-B342-4381-A5B2-D7AF0AA30687}.Debug|Any CPU.Build.0 = Debug|Any CPU
		{E7A62A73-B342-4381-A5B2-D7AF0AA30687}.Release|Any CPU.ActiveCfg = Release|Any CPU
		{E7A62A73-B342-4381-A5B2-D7AF0AA30687}.Release|Any CPU.Build.0 = Release|Any CPU
	EndGlobalSection
	GlobalSection(SolutionProperties) = preSolution
		HideSolutionNode = FALSE
	EndGlobalSection
	GlobalSection(ExtensibilityGlobals) = postSolution
		SolutionGuid = {901C4F9E-413A-4782-8EDE-E22AC7AFEB8E}
	EndGlobalSection
EndGlobal
