
Microsoft Visual Studio Solution File, Format Version 12.00
# Visual Studio Version 17
VisualStudioVersion = 17.9.34902.65
MinimumVisualStudioVersion = 10.0.40219.1
Project("{FAE04EC0-301F-11D3-BF4B-00C04F79EFBC}") = "FoodieMenu", "FoodieMenu\FoodieMenu.csproj", "{35AE81DD-8DD5-4125-9594-A1628E0F6740}"
EndProject
Project("{FAE04EC0-301F-11D3-BF4B-00C04F79EFBC}") = "FoodieMenu.Domain", "FoodieMenu.Domain\FoodieMenu.Domain.csproj", "{6E003D88-9231-4EDA-8065-AF569F086A56}"
EndProject
Project("{FAE04EC0-301F-11D3-BF4B-00C04F79EFBC}") = "FoodieMenu.Data", "FoodieMenu.Data\FoodieMenu.Data.csproj", "{D7269FD9-7216-4304-AD1F-17EDE927946E}"
EndProject
Global
	GlobalSection(SolutionConfigurationPlatforms) = preSolution
		Debug|Any CPU = Debug|Any CPU
		Release|Any CPU = Release|Any CPU
	EndGlobalSection
	GlobalSection(ProjectConfigurationPlatforms) = postSolution
		{35AE81DD-8DD5-4125-9594-A1628E0F6740}.Debug|Any CPU.ActiveCfg = Debug|Any CPU
		{35AE81DD-8DD5-4125-9594-A1628E0F6740}.Debug|Any CPU.Build.0 = Debug|Any CPU
		{35AE81DD-8DD5-4125-9594-A1628E0F6740}.Release|Any CPU.ActiveCfg = Release|Any CPU
		{35AE81DD-8DD5-4125-9594-A1628E0F6740}.Release|Any CPU.Build.0 = Release|Any CPU
		{6E003D88-9231-4EDA-8065-AF569F086A56}.Debug|Any CPU.ActiveCfg = Debug|Any CPU
		{6E003D88-9231-4EDA-8065-AF569F086A56}.Debug|Any CPU.Build.0 = Debug|Any CPU
		{6E003D88-9231-4EDA-8065-AF569F086A56}.Release|Any CPU.ActiveCfg = Release|Any CPU
		{6E003D88-9231-4EDA-8065-AF569F086A56}.Release|Any CPU.Build.0 = Release|Any CPU
		{D7269FD9-7216-4304-AD1F-17EDE927946E}.Debug|Any CPU.ActiveCfg = Debug|Any CPU
		{D7269FD9-7216-4304-AD1F-17EDE927946E}.Debug|Any CPU.Build.0 = Debug|Any CPU
		{D7269FD9-7216-4304-AD1F-17EDE927946E}.Release|Any CPU.ActiveCfg = Release|Any CPU
		{D7269FD9-7216-4304-AD1F-17EDE927946E}.Release|Any CPU.Build.0 = Release|Any CPU
	EndGlobalSection
	GlobalSection(SolutionProperties) = preSolution
		HideSolutionNode = FALSE
	EndGlobalSection
	GlobalSection(ExtensibilityGlobals) = postSolution
		SolutionGuid = {B9AFBA42-1276-4F31-84F4-B5E861B2E5F0}
	EndGlobalSection
EndGlobal
