
Microsoft Visual Studio Solution File, Format Version 12.00
# Visual Studio Version 17
VisualStudioVersion = 17.9.34902.65
MinimumVisualStudioVersion = 10.0.40219.1
Project("{9A19103F-16F7-4668-BE54-9A1E7A4F7556}") = "FoodieMenu", "FoodieMenu\FoodieMenu.csproj", "{35AE81DD-8DD5-4125-9594-A1628E0F6740}"
EndProject
Project("{9A19103F-16F7-4668-BE54-9A1E7A4F7556}") = "FoodieMenu.Domain", "FoodieMenu.Domain\FoodieMenu.Domain.csproj", "{6E003D88-9231-4EDA-8065-AF569F086A56}"
EndProject
Project("{9A19103F-16F7-4668-BE54-9A1E7A4F7556}") = "FoodieMenu.Data", "FoodieMenu.Data\FoodieMenu.Data.csproj", "{D7269FD9-7216-4304-AD1F-17EDE927946E}"
EndProject
Project("{9A19103F-16F7-4668-BE54-9A1E7A4F7556}") = "FoodieMenu.WebAPI", "FoodieMenu.WebAPI\FoodieMenu.WebAPI.csproj", "{B2920E11-1841-4BA1-961C-8393C087A96B}"
EndProject
Project("{9A19103F-16F7-4668-BE54-9A1E7A4F7556}") = "FoodieMenu.TestingConsole", "FoodieMenu.TestingConsole\FoodieMenu.TestingConsole.csproj", "{018CC86B-5723-4852-A1A3-BDDBF23112D5}"
EndProject
Project("{9A19103F-16F7-4668-BE54-9A1E7A4F7556}") = "FoodieMenu.Tests", "FoodieMenu.Tests\FoodieMenu.Tests.csproj", "{683A519A-6339-4B19-A1D6-43ED81F4403C}"
EndProject
Project("{9A19103F-16F7-4668-BE54-9A1E7A4F7556}") = "FoodieMenu.Web", "FoodieMenu.Web\FoodieMenu.Web.csproj", "{70B7B99F-183C-42D3-BE5C-A21499B3565A}"
EndProject
Global
	GlobalSection(SolutionConfigurationPlatforms) = preSolution
		Debug|Any CPU = Debug|Any CPU
		Release|Any CPU = Release|Any CPU
	EndGlobalSection
	GlobalSection(ProjectConfigurationPlatforms) = postSolution
		{35AE81DD-8DD5-4125-9594-A1628E0F6740}.Debug|Any CPU.ActiveCfg = Debug|Any CPU
		{35AE81DD-8DD5-4125-9594-A1628E0F6740}.Debug|Any CPU.Build.0 = Debug|Any CPU
		{35AE81DD-8DD5-4125-9594-A1628E0F6740}.Release|Any CPU.ActiveCfg = Release|Any CPU
		{35AE81DD-8DD5-4125-9594-A1628E0F6740}.Release|Any CPU.Build.0 = Release|Any CPU
		{6E003D88-9231-4EDA-8065-AF569F086A56}.Debug|Any CPU.ActiveCfg = Debug|Any CPU
		{6E003D88-9231-4EDA-8065-AF569F086A56}.Debug|Any CPU.Build.0 = Debug|Any CPU
		{6E003D88-9231-4EDA-8065-AF569F086A56}.Release|Any CPU.ActiveCfg = Release|Any CPU
		{6E003D88-9231-4EDA-8065-AF569F086A56}.Release|Any CPU.Build.0 = Release|Any CPU
		{D7269FD9-7216-4304-AD1F-17EDE927946E}.Debug|Any CPU.ActiveCfg = Debug|Any CPU
		{D7269FD9-7216-4304-AD1F-17EDE927946E}.Debug|Any CPU.Build.0 = Debug|Any CPU
		{D7269FD9-7216-4304-AD1F-17EDE927946E}.Release|Any CPU.ActiveCfg = Release|Any CPU
		{D7269FD9-7216-4304-AD1F-17EDE927946E}.Release|Any CPU.Build.0 = Release|Any CPU
		{B2920E11-1841-4BA1-961C-8393C087A96B}.Debug|Any CPU.ActiveCfg = Debug|Any CPU
		{B2920E11-1841-4BA1-961C-8393C087A96B}.Debug|Any CPU.Build.0 = Debug|Any CPU
		{B2920E11-1841-4BA1-961C-8393C087A96B}.Release|Any CPU.ActiveCfg = Release|Any CPU
		{B2920E11-1841-4BA1-961C-8393C087A96B}.Release|Any CPU.Build.0 = Release|Any CPU
		{018CC86B-5723-4852-A1A3-BDDBF23112D5}.Debug|Any CPU.ActiveCfg = Debug|Any CPU
		{018CC86B-5723-4852-A1A3-BDDBF23112D5}.Debug|Any CPU.Build.0 = Debug|Any CPU
		{018CC86B-5723-4852-A1A3-BDDBF23112D5}.Release|Any CPU.ActiveCfg = Release|Any CPU
		{018CC86B-5723-4852-A1A3-BDDBF23112D5}.Release|Any CPU.Build.0 = Release|Any CPU
		{683A519A-6339-4B19-A1D6-43ED81F4403C}.Debug|Any CPU.ActiveCfg = Debug|Any CPU
		{683A519A-6339-4B19-A1D6-43ED81F4403C}.Debug|Any CPU.Build.0 = Debug|Any CPU
		{683A519A-6339-4B19-A1D6-43ED81F4403C}.Release|Any CPU.ActiveCfg = Release|Any CPU
		{683A519A-6339-4B19-A1D6-43ED81F4403C}.Release|Any CPU.Build.0 = Release|Any CPU
		{70B7B99F-183C-42D3-BE5C-A21499B3565A}.Debug|Any CPU.ActiveCfg = Debug|Any CPU
		{70B7B99F-183C-42D3-BE5C-A21499B3565A}.Debug|Any CPU.Build.0 = Debug|Any CPU
		{70B7B99F-183C-42D3-BE5C-A21499B3565A}.Release|Any CPU.ActiveCfg = Release|Any CPU
		{70B7B99F-183C-42D3-BE5C-A21499B3565A}.Release|Any CPU.Build.0 = Release|Any CPU
	EndGlobalSection
	GlobalSection(SolutionProperties) = preSolution
		HideSolutionNode = FALSE
	EndGlobalSection
	GlobalSection(ExtensibilityGlobals) = postSolution
		SolutionGuid = {B9AFBA42-1276-4F31-84F4-B5E861B2E5F0}
	EndGlobalSection
EndGlobal
